
Microsoft Visual Studio Solution File, Format Version 12.00
# Visual Studio 15
VisualStudioVersion = 15.0.26228.9
MinimumVisualStudioVersion = 10.0.40219.1
Project("{FAE04EC0-301F-11D3-BF4B-00C04F79EFBC}") = "Cs_Mono_RaspberryPi", "Cs_Mono_RaspberryPi\Cs_Mono_RaspberryPi.csproj", "{738B4D46-8FC3-4721-84CC-AE6ACB90667B}"
EndProject
Project("{FAE04EC0-301F-11D3-BF4B-00C04F79EFBC}") = "TcpUdpManagerNamespace", "TcpUdpManagerNamespace\TcpUdpManagerNamespace.csproj", "{9844FA7E-B1DF-4C52-8729-8D58B4E8DBC2}"
EndProject
Project("{FAE04EC0-301F-11D3-BF4B-00C04F79EFBC}") = "TimerManagerNamespace", "TimerManagerNamespace\TimerManagerNamespace.csproj", "{04FE54F2-1E9B-4A7F-8A10-D908FD72C895}"
EndProject
Project("{FAE04EC0-301F-11D3-BF4B-00C04F79EFBC}") = "SerialPortNamespace", "SerialPortNamespace\SerialPortNamespace.csproj", "{AB2B43DD-B6CC-489C-AC34-1C0BB7BE7077}"
EndProject
Global
	GlobalSection(SolutionConfigurationPlatforms) = preSolution
		Debug|Any CPU = Debug|Any CPU
		Release|Any CPU = Release|Any CPU
	EndGlobalSection
	GlobalSection(ProjectConfigurationPlatforms) = postSolution
		{738B4D46-8FC3-4721-84CC-AE6ACB90667B}.Debug|Any CPU.ActiveCfg = Debug|Any CPU
		{738B4D46-8FC3-4721-84CC-AE6ACB90667B}.Debug|Any CPU.Build.0 = Debug|Any CPU
		{738B4D46-8FC3-4721-84CC-AE6ACB90667B}.Release|Any CPU.ActiveCfg = Release|Any CPU
		{738B4D46-8FC3-4721-84CC-AE6ACB90667B}.Release|Any CPU.Build.0 = Release|Any CPU
		{9844FA7E-B1DF-4C52-8729-8D58B4E8DBC2}.Debug|Any CPU.ActiveCfg = Debug|Any CPU
		{9844FA7E-B1DF-4C52-8729-8D58B4E8DBC2}.Debug|Any CPU.Build.0 = Debug|Any CPU
		{9844FA7E-B1DF-4C52-8729-8D58B4E8DBC2}.Release|Any CPU.ActiveCfg = Release|Any CPU
		{9844FA7E-B1DF-4C52-8729-8D58B4E8DBC2}.Release|Any CPU.Build.0 = Release|Any CPU
		{04FE54F2-1E9B-4A7F-8A10-D908FD72C895}.Debug|Any CPU.ActiveCfg = Debug|Any CPU
		{04FE54F2-1E9B-4A7F-8A10-D908FD72C895}.Debug|Any CPU.Build.0 = Debug|Any CPU
		{04FE54F2-1E9B-4A7F-8A10-D908FD72C895}.Release|Any CPU.ActiveCfg = Release|Any CPU
		{04FE54F2-1E9B-4A7F-8A10-D908FD72C895}.Release|Any CPU.Build.0 = Release|Any CPU
		{AB2B43DD-B6CC-489C-AC34-1C0BB7BE7077}.Debug|Any CPU.ActiveCfg = Debug|Any CPU
		{AB2B43DD-B6CC-489C-AC34-1C0BB7BE7077}.Debug|Any CPU.Build.0 = Debug|Any CPU
		{AB2B43DD-B6CC-489C-AC34-1C0BB7BE7077}.Release|Any CPU.ActiveCfg = Release|Any CPU
		{AB2B43DD-B6CC-489C-AC34-1C0BB7BE7077}.Release|Any CPU.Build.0 = Release|Any CPU
	EndGlobalSection
	GlobalSection(SolutionProperties) = preSolution
		HideSolutionNode = FALSE
	EndGlobalSection
EndGlobal
