
Microsoft Visual Studio Solution File, Format Version 12.00
# Visual Studio 15
VisualStudioVersion = 15.0.26228.12
MinimumVisualStudioVersion = 10.0.40219.1
Project("{FAE04EC0-301F-11D3-BF4B-00C04F79EFBC}") = "TDPS_Release_V1.0", "TDPS_Release_V1.0\TDPS_Release_V1.0.csproj", "{F4450A88-02CF-413C-8ABD-67DF002F01CC}"
EndProject
Project("{FAE04EC0-301F-11D3-BF4B-00C04F79EFBC}") = "TcpUdpManagerNamespace", "TcpUdpManagerNamespace\TcpUdpManagerNamespace.csproj", "{9844FA7E-B1DF-4C52-8729-8D58B4E8DBC2}"
EndProject
Project("{FAE04EC0-301F-11D3-BF4B-00C04F79EFBC}") = "TimerManagerNamespace", "TimerManagerNamespace\TimerManagerNamespace.csproj", "{04FE54F2-1E9B-4A7F-8A10-D908FD72C895}"
EndProject
Global
	GlobalSection(SolutionConfigurationPlatforms) = preSolution
		Debug|Any CPU = Debug|Any CPU
		Release|Any CPU = Release|Any CPU
	EndGlobalSection
	GlobalSection(ProjectConfigurationPlatforms) = postSolution
		{F4450A88-02CF-413C-8ABD-67DF002F01CC}.Debug|Any CPU.ActiveCfg = Debug|Any CPU
		{F4450A88-02CF-413C-8ABD-67DF002F01CC}.Debug|Any CPU.Build.0 = Debug|Any CPU
		{F4450A88-02CF-413C-8ABD-67DF002F01CC}.Release|Any CPU.ActiveCfg = Release|Any CPU
		{F4450A88-02CF-413C-8ABD-67DF002F01CC}.Release|Any CPU.Build.0 = Release|Any CPU
		{9844FA7E-B1DF-4C52-8729-8D58B4E8DBC2}.Debug|Any CPU.ActiveCfg = Debug|Any CPU
		{9844FA7E-B1DF-4C52-8729-8D58B4E8DBC2}.Debug|Any CPU.Build.0 = Debug|Any CPU
		{9844FA7E-B1DF-4C52-8729-8D58B4E8DBC2}.Release|Any CPU.ActiveCfg = Release|Any CPU
		{9844FA7E-B1DF-4C52-8729-8D58B4E8DBC2}.Release|Any CPU.Build.0 = Release|Any CPU
		{04FE54F2-1E9B-4A7F-8A10-D908FD72C895}.Debug|Any CPU.ActiveCfg = Debug|Any CPU
		{04FE54F2-1E9B-4A7F-8A10-D908FD72C895}.Debug|Any CPU.Build.0 = Debug|Any CPU
		{04FE54F2-1E9B-4A7F-8A10-D908FD72C895}.Release|Any CPU.ActiveCfg = Release|Any CPU
		{04FE54F2-1E9B-4A7F-8A10-D908FD72C895}.Release|Any CPU.Build.0 = Release|Any CPU
	EndGlobalSection
	GlobalSection(SolutionProperties) = preSolution
		HideSolutionNode = FALSE
	EndGlobalSection
EndGlobal
